{
	"name": "rest-query-vue",
	"version": "1.0.6",
	"lockfileVersion": 1,
	"requires": true,
	"dependencies": {
		"doormen": {
			"version": "0.10.15",
			"resolved": "https://registry.npmjs.org/doormen/-/doormen-0.10.15.tgz",
			"integrity": "sha512-pAFS0qhBhE8epEKlL/O1usbuVdu981UtRn7o1QeyarjyfvnYawSLJHJhRdmwXUrMt2eMKOpnl0MesO+1ib5E9A==",
			"requires": {
				"string-kit": "^0.11.1",
				"tree-kit": "^0.6.1"
			},
			"dependencies": {
				"string-kit": {
					"version": "0.11.2",
					"resolved": "https://registry.npmjs.org/string-kit/-/string-kit-0.11.2.tgz",
					"integrity": "sha512-BNc68epmeZhXKlJjiBntN3t1T+eUY1YQyZNxrm+MiqKLjqWPji0OPbVvxi0AyIV8h7b3kNC3vAC34hqu7agJgQ=="
				}
			}
		},
		"lodash-es": {
			"version": "4.17.15",
			"resolved": "https://registry.npmjs.org/lodash-es/-/lodash-es-4.17.15.tgz",
			"integrity": "sha512-rlrc3yU3+JNOpZ9zj5pQtxnx2THmvRykwL4Xlxoa8I9lHBlVbbyPhgyPMioxVZ4NqyxaVVtaJnzsyOidQIhyyQ=="
		},
		"node-fetch": {
			"version": "2.6.0",
			"resolved": "https://registry.npmjs.org/node-fetch/-/node-fetch-2.6.0.tgz",
			"integrity": "sha512-8dG4H5ujfvFiqDmVu9fQ5bOHUC15JMjMY/Zumv26oOvvVJjM67KF8koCWIabKQ1GJIa9r2mMZscBq/TbdOcmNA=="
		},
		"rest-query-shared": {
			"version": "0.33.9",
			"resolved": "https://registry.npmjs.org/rest-query-shared/-/rest-query-shared-0.33.9.tgz",
			"integrity": "sha512-BuBKImUbJrCAZ77VfX+hjg8c6QIuAeVIGg8yyAwIKLze2Kf5RnoHt+wH33KWId3+8rGGTd+81T/jknHBcC8tVQ==",
			"requires": {
				"string-kit": "^0.9.6",
				"tree-kit": "^0.6.1"
			}
		},
		"string-kit": {
			"version": "0.9.12",
			"resolved": "https://registry.npmjs.org/string-kit/-/string-kit-0.9.12.tgz",
			"integrity": "sha512-l6BRL9uO4uV1o6/r/mJthahp8qatqGv4l6Z2o2mX+y2VYc7gFb2YD0k3zThvw3BATj/nDvLTB1s167vc2JdeDg=="
		},
		"tree-kit": {
			"version": "0.6.1",
			"resolved": "https://registry.npmjs.org/tree-kit/-/tree-kit-0.6.1.tgz",
			"integrity": "sha512-7mV4KbsLMuA6ths3J1wpVUj2PLmLdoNEGnP9fm3kxef4UXYC/A0rL5gKsqtkUaCMuRYUMORyioy8IpBWUBQ1Ig=="
		}
	}
}
