{
  "name": "rest-query-vue",
  "version": "1.0.4",
  "lockfileVersion": 1,
  "requires": true,
  "dependencies": {
    "deepmerge": {
      "version": "4.0.0",
      "resolved": "https://registry.npmjs.org/deepmerge/-/deepmerge-4.0.0.tgz",
      "integrity": "sha512-YZ1rOP5+kHor4hMAH+HRQnBQHg+wvS1un1hAOuIcxcBy0hzcUf6Jg2a1w65kpoOUnurOfZbERwjI1TfZxNjcww=="
    },
    "doormen": {
      "version": "0.10.10",
      "resolved": "https://registry.npmjs.org/doormen/-/doormen-0.10.10.tgz",
      "integrity": "sha512-zooi8LYxIgoykXq9Iq4WhN3oZuHpA6eKk08tJM+ahDftMDFErc9ke8CUnKaBibwWScMRMPDVsAVE8G+o0iJEig==",
      "requires": {
        "string-kit": "^0.9.6",
        "tree-kit": "^0.6.1"
      }
    },
    "lodash.isequal": {
      "version": "4.5.0",
      "resolved": "https://registry.npmjs.org/lodash.isequal/-/lodash.isequal-4.5.0.tgz",
      "integrity": "sha1-QVxEePK8wwEgwizhDtMib30+GOA="
    },
    "lodash.throttle": {
      "version": "4.1.1",
      "resolved": "https://registry.npmjs.org/lodash.throttle/-/lodash.throttle-4.1.1.tgz",
      "integrity": "sha1-wj6RtxAkKscMN/HhzaknTMOb8vQ="
    },
    "node-fetch": {
      "version": "2.6.0",
      "resolved": "https://registry.npmjs.org/node-fetch/-/node-fetch-2.6.0.tgz",
      "integrity": "sha512-8dG4H5ujfvFiqDmVu9fQ5bOHUC15JMjMY/Zumv26oOvvVJjM67KF8koCWIabKQ1GJIa9r2mMZscBq/TbdOcmNA=="
    },
    "rest-query-shared": {
      "version": "0.33.8",
      "resolved": "https://registry.npmjs.org/rest-query-shared/-/rest-query-shared-0.33.8.tgz",
      "integrity": "sha512-ECNj6kMLCJyL8GTll4nT7gGH2pds8fNJSvRejgAYHF3ZoNfV7byRtQlx70w0IumEVTTrcOrmzRGI/NL2ui7ZnA==",
      "requires": {
        "string-kit": "^0.9.6",
        "tree-kit": "^0.6.1"
      }
    },
    "string-kit": {
      "version": "0.9.12",
      "resolved": "https://registry.npmjs.org/string-kit/-/string-kit-0.9.12.tgz",
      "integrity": "sha512-l6BRL9uO4uV1o6/r/mJthahp8qatqGv4l6Z2o2mX+y2VYc7gFb2YD0k3zThvw3BATj/nDvLTB1s167vc2JdeDg=="
    },
    "tree-kit": {
      "version": "0.6.1",
      "resolved": "https://registry.npmjs.org/tree-kit/-/tree-kit-0.6.1.tgz",
      "integrity": "sha512-7mV4KbsLMuA6ths3J1wpVUj2PLmLdoNEGnP9fm3kxef4UXYC/A0rL5gKsqtkUaCMuRYUMORyioy8IpBWUBQ1Ig=="
    }
  }
}
